// !$*UTF8*$!
{
	archiveVersion = 1;
	classes = {
	};
	objectVersion = 46;
	objects = {

/* Begin PBXBuildFile section */
		F71036301F0449FB00E40D41 /* AppDelegate.swift in Sources */ = {isa = PBXBuildFile; fileRef = F710362F1F0449FB00E40D41 /* AppDelegate.swift */; };
		F71036321F0449FB00E40D41 /* ViewController.swift in Sources */ = {isa = PBXBuildFile; fileRef = F71036311F0449FB00E40D41 /* ViewController.swift */; };
		F71036351F0449FB00E40D41 /* Main.storyboard in Resources */ = {isa = PBXBuildFile; fileRef = F71036331F0449FB00E40D41 /* Main.storyboard */; };
		F71036371F0449FB00E40D41 /* Assets.xcassets in Resources */ = {isa = PBXBuildFile; fileRef = F71036361F0449FB00E40D41 /* Assets.xcassets */; };
		F710363A1F0449FB00E40D41 /* LaunchScreen.storyboard in Resources */ = {isa = PBXBuildFile; fileRef = F71036381F0449FB00E40D41 /* LaunchScreen.storyboard */; };
		F71036451F0449FB00E40D41 /* instaGlamTests.swift in Sources */ = {isa = PBXBuildFile; fileRef = F71036441F0449FB00E40D41 /* instaGlamTests.swift */; };
/* End PBXBuildFile section */

/* Begin PBXContainerItemProxy section */
		F71036411F0449FB00E40D41 /* PBXContainerItemProxy */ = {
			isa = PBXContainerItemProxy;
			containerPortal = F71036241F0449FB00E40D41 /* Project object */;
			proxyType = 1;
			remoteGlobalIDString = F710362B1F0449FB00E40D41;
			remoteInfo = instaGlam;
		};
/* End PBXContainerItemProxy section */

/* Begin PBXFileReference section */
		F710362C1F0449FB00E40D41 /* instaGlam.app */ = {isa = PBXFileReference; explicitFileType = wrapper.application; includeInIndex = 0; path = instaGlam.app; sourceTree = BUILT_PRODUCTS_DIR; };
		F710362F1F0449FB00E40D41 /* AppDelegate.swift */ = {isa = PBXFileReference; lastKnownFileType = sourcecode.swift; path = AppDelegate.swift; sourceTree = "<group>"; };
		F71036311F0449FB00E40D41 /* ViewController.swift */ = {isa = PBXFileReference; lastKnownFileType = sourcecode.swift; path = ViewController.swift; sourceTree = "<group>"; };
		F71036341F0449FB00E40D41 /* Base */ = {isa = PBXFileReference; lastKnownFileType = file.storyboard; name = Base; path = Base.lproj/Main.storyboard; sourceTree = "<group>"; };
		F71036361F0449FB00E40D41 /* Assets.xcassets */ = {isa = PBXFileReference; lastKnownFileType = folder.assetcatalog; path = Assets.xcassets; sourceTree = "<group>"; };
		F71036391F0449FB00E40D41 /* Base */ = {isa = PBXFileReference; lastKnownFileType = file.storyboard; name = Base; path = Base.lproj/LaunchScreen.storyboard; sourceTree = "<group>"; };
		F710363B1F0449FB00E40D41 /* Info.plist */ = {isa = PBXFileReference; lastKnownFileType = text.plist.xml; path = Info.plist; sourceTree = "<group>"; };
		F71036401F0449FB00E40D41 /* instaGlamTests.xctest */ = {isa = PBXFileReference; explicitFileType = wrapper.cfbundle; includeInIndex = 0; path = instaGlamTests.xctest; sourceTree = BUILT_PRODUCTS_DIR; };
		F71036441F0449FB00E40D41 /* instaGlamTests.swift */ = {isa = PBXFileReference; lastKnownFileType = sourcecode.swift; path = instaGlamTests.swift; sourceTree = "<group>"; };
		F71036461F0449FB00E40D41 /* Info.plist */ = {isa = PBXFileReference; lastKnownFileType = text.plist.xml; path = Info.plist; sourceTree = "<group>"; };
/* End PBXFileReference section */

/* Begin PBXFrameworksBuildPhase section */
		F71036291F0449FB00E40D41 /* Frameworks */ = {
			isa = PBXFrameworksBuildPhase;
			buildActionMask = 2147483647;
			files = (
			);
			runOnlyForDeploymentPostprocessing = 0;
		};
		F710363D1F0449FB00E40D41 /* Frameworks */ = {
			isa = PBXFrameworksBuildPhase;
			buildActionMask = 2147483647;
			files = (
			);
			runOnlyForDeploymentPostprocessing = 0;
		};
/* End PBXFrameworksBuildPhase section */

/* Begin PBXGroup section */
		F71036231F0449FB00E40D41 = {
			isa = PBXGroup;
			children = (
				F710362E1F0449FB00E40D41 /* instaGlam */,
				F71036431F0449FB00E40D41 /* instaGlamTests */,
				F710362D1F0449FB00E40D41 /* Products */,
			);
			sourceTree = "<group>";
		};
		F710362D1F0449FB00E40D41 /* Products */ = {
			isa = PBXGroup;
			children = (
				F710362C1F0449FB00E40D41 /* instaGlam.app */,
				F71036401F0449FB00E40D41 /* instaGlamTests.xctest */,
			);
			name = Products;
			sourceTree = "<group>";
		};
		F710362E1F0449FB00E40D41 /* instaGlam */ = {
			isa = PBXGroup;
			children = (
				F710362F1F0449FB00E40D41 /* AppDelegate.swift */,
				F71036311F0449FB00E40D41 /* ViewController.swift */,
				F71036331F0449FB00E40D41 /* Main.storyboard */,
				F71036361F0449FB00E40D41 /* Assets.xcassets */,
				F71036381F0449FB00E40D41 /* LaunchScreen.storyboard */,
				F710363B1F0449FB00E40D41 /* Info.plist */,
			);
			path = instaGlam;
			sourceTree = "<group>";
		};
		F71036431F0449FB00E40D41 /* instaGlamTests */ = {
			isa = PBXGroup;
			children = (
				F71036441F0449FB00E40D41 /* instaGlamTests.swift */,
				F71036461F0449FB00E40D41 /* Info.plist */,
			);
			path = instaGlamTests;
			sourceTree = "<group>";
		};
/* End PBXGroup section */

/* Begin PBXNativeTarget section */
		F710362B1F0449FB00E40D41 /* instaGlam */ = {
			isa = PBXNativeTarget;
			buildConfigurationList = F71036491F0449FB00E40D41 /* Build configuration list for PBXNativeTarget "instaGlam" */;
			buildPhases = (
				F71036281F0449FB00E40D41 /* Sources */,
				F71036291F0449FB00E40D41 /* Frameworks */,
				F710362A1F0449FB00E40D41 /* Resources */,
			);
			buildRules = (
			);
			dependencies = (
			);
			name = instaGlam;
			productName = instaGlam;
			productReference = F710362C1F0449FB00E40D41 /* instaGlam.app */;
			productType = "com.apple.product-type.application";
		};
		F710363F1F0449FB00E40D41 /* instaGlamTests */ = {
			isa = PBXNativeTarget;
			buildConfigurationList = F710364C1F0449FB00E40D41 /* Build configuration list for PBXNativeTarget "instaGlamTests" */;
			buildPhases = (
				F710363C1F0449FB00E40D41 /* Sources */,
				F710363D1F0449FB00E40D41 /* Frameworks */,
				F710363E1F0449FB00E40D41 /* Resources */,
			);
			buildRules = (
			);
			dependencies = (
				F71036421F0449FB00E40D41 /* PBXTargetDependency */,
			);
			name = instaGlamTests;
			productName = instaGlamTests;
			productReference = F71036401F0449FB00E40D41 /* instaGlamTests.xctest */;
			productType = "com.apple.product-type.bundle.unit-test";
		};
/* End PBXNativeTarget section */

/* Begin PBXProject section */
		F71036241F0449FB00E40D41 /* Project object */ = {
			isa = PBXProject;
			attributes = {
				LastSwiftUpdateCheck = 0830;
				LastUpgradeCheck = 0830;
				ORGANIZATIONNAME = "Tyler Holloway";
				TargetAttributes = {
					F710362B1F0449FB00E40D41 = {
						CreatedOnToolsVersion = 8.3.3;
						ProvisioningStyle = Automatic;
					};
					F710363F1F0449FB00E40D41 = {
						CreatedOnToolsVersion = 8.3.3;
						ProvisioningStyle = Automatic;
						TestTargetID = F710362B1F0449FB00E40D41;
					};
				};
			};
			buildConfigurationList = F71036271F0449FB00E40D41 /* Build configuration list for PBXProject "instaGlam" */;
			compatibilityVersion = "Xcode 3.2";
			developmentRegion = English;
			hasScannedForEncodings = 0;
			knownRegions = (
				en,
				Base,
			);
			mainGroup = F71036231F0449FB00E40D41;
			productRefGroup = F710362D1F0449FB00E40D41 /* Products */;
			projectDirPath = "";
			projectRoot = "";
			targets = (
				F710362B1F0449FB00E40D41 /* instaGlam */,
				F710363F1F0449FB00E40D41 /* instaGlamTests */,
			);
		};
/* End PBXProject section */

/* Begin PBXResourcesBuildPhase section */
		F710362A1F0449FB00E40D41 /* Resources */ = {
			isa = PBXResourcesBuildPhase;
			buildActionMask = 2147483647;
			files = (
				F710363A1F0449FB00E40D41 /* LaunchScreen.storyboard in Resources */,
				F71036371F0449FB00E40D41 /* Assets.xcassets in Resources */,
				F71036351F0449FB00E40D41 /* Main.storyboard in Resources */,
			);
			runOnlyForDeploymentPostprocessing = 0;
		};
		F710363E1F0449FB00E40D41 /* Resources */ = {
			isa = PBXResourcesBuildPhase;
			buildActionMask = 2147483647;
			files = (
			);
			runOnlyForDeploymentPostprocessing = 0;
		};
/* End PBXResourcesBuildPhase section */

/* Begin PBXSourcesBuildPhase section */
		F71036281F0449FB00E40D41 /* Sources */ = {
			isa = PBXSourcesBuildPhase;
			buildActionMask = 2147483647;
			files = (
				F71036321F0449FB00E40D41 /* ViewController.swift in Sources */,
				F71036301F0449FB00E40D41 /* AppDelegate.swift in Sources */,
			);
			runOnlyForDeploymentPostprocessing = 0;
		};
		F710363C1F0449FB00E40D41 /* Sources */ = {
			isa = PBXSourcesBuildPhase;
			buildActionMask = 2147483647;
			files = (
				F71036451F0449FB00E40D41 /* instaGlamTests.swift in Sources */,
			);
			runOnlyForDeploymentPostprocessing = 0;
		};
/* End PBXSourcesBuildPhase section */

/* Begin PBXTargetDependency section */
		F71036421F0449FB00E40D41 /* PBXTargetDependency */ = {
			isa = PBXTargetDependency;
			target = F710362B1F0449FB00E40D41 /* instaGlam */;
			targetProxy = F71036411F0449FB00E40D41 /* PBXContainerItemProxy */;
		};
/* End PBXTargetDependency section */

/* Begin PBXVariantGroup section */
		F71036331F0449FB00E40D41 /* Main.storyboard */ = {
			isa = PBXVariantGroup;
			children = (
				F71036341F0449FB00E40D41 /* Base */,
			);
			name = Main.storyboard;
			sourceTree = "<group>";
		};
		F71036381F0449FB00E40D41 /* LaunchScreen.storyboard */ = {
			isa = PBXVariantGroup;
			children = (
				F71036391F0449FB00E40D41 /* Base */,
			);
			name = LaunchScreen.storyboard;
			sourceTree = "<group>";
		};
/* End PBXVariantGroup section */

/* Begin XCBuildConfiguration section */
		F71036471F0449FB00E40D41 /* Debug */ = {
			isa = XCBuildConfiguration;
			buildSettings = {
				ALWAYS_SEARCH_USER_PATHS = NO;
				CLANG_ANALYZER_NONNULL = YES;
				CLANG_ANALYZER_NUMBER_OBJECT_CONVERSION = YES_AGGRESSIVE;
				CLANG_CXX_LANGUAGE_STANDARD = "gnu++0x";
				CLANG_CXX_LIBRARY = "libc++";
				CLANG_ENABLE_MODULES = YES;
				CLANG_ENABLE_OBJC_ARC = YES;
				CLANG_WARN_BOOL_CONVERSION = YES;
				CLANG_WARN_CONSTANT_CONVERSION = YES;
				CLANG_WARN_DIRECT_OBJC_ISA_USAGE = YES_ERROR;
				CLANG_WARN_DOCUMENTATION_COMMENTS = YES;
				CLANG_WARN_EMPTY_BODY = YES;
				CLANG_WARN_ENUM_CONVERSION = YES;
				CLANG_WARN_INFINITE_RECURSION = YES;
				CLANG_WARN_INT_CONVERSION = YES;
				CLANG_WARN_OBJC_ROOT_CLASS = YES_ERROR;
				CLANG_WARN_SUSPICIOUS_MOVE = YES;
				CLANG_WARN_UNREACHABLE_CODE = YES;
				CLANG_WARN__DUPLICATE_METHOD_MATCH = YES;
				"CODE_SIGN_IDENTITY[sdk=iphoneos*]" = "iPhone Developer";
				COPY_PHASE_STRIP = NO;
				DEBUG_INFORMATION_FORMAT = dwarf;
				ENABLE_STRICT_OBJC_MSGSEND = YES;
				ENABLE_TESTABILITY = YES;
				GCC_C_LANGUAGE_STANDARD = gnu99;
				GCC_DYNAMIC_NO_PIC = NO;
				GCC_NO_COMMON_BLOCKS = YES;
				GCC_OPTIMIZATION_LEVEL = 0;
				GCC_PREPROCESSOR_DEFINITIONS = (
					"DEBUG=1",
					"$(inherited)",
				);
				GCC_WARN_64_TO_32_BIT_CONVERSION = YES;
				GCC_WARN_ABOUT_RETURN_TYPE = YES_ERROR;
				GCC_WARN_UNDECLARED_SELECTOR = YES;
				GCC_WARN_UNINITIALIZED_AUTOS = YES_AGGRESSIVE;
				GCC_WARN_UNUSED_FUNCTION = YES;
				GCC_WARN_UNUSED_VARIABLE = YES;
				IPHONEOS_DEPLOYMENT_TARGET = 10.3;
				MTL_ENABLE_DEBUG_INFO = YES;
				ONLY_ACTIVE_ARCH = YES;
				SDKROOT = iphoneos;
				SWIFT_ACTIVE_COMPILATION_CONDITIONS = DEBUG;
				SWIFT_OPTIMIZATION_LEVEL = "-Onone";
			};
			name = Debug;
		};
		F71036481F0449FB00E40D41 /* Release */ = {
			isa = XCBuildConfiguration;
			buildSettings = {
				ALWAYS_SEARCH_USER_PATHS = NO;
				CLANG_ANALYZER_NONNULL = YES;
				CLANG_ANALYZER_NUMBER_OBJECT_CONVERSION = YES_AGGRESSIVE;
				CLANG_CXX_LANGUAGE_STANDARD = "gnu++0x";
				CLANG_CXX_LIBRARY = "libc++";
				CLANG_ENABLE_MODULES = YES;
				CLANG_ENABLE_OBJC_ARC = YES;
				CLANG_WARN_BOOL_CONVERSION = YES;
				CLANG_WARN_CONSTANT_CONVERSION = YES;
				CLANG_WARN_DIRECT_OBJC_ISA_USAGE = YES_ERROR;
				CLANG_WARN_DOCUMENTATION_COMMENTS = YES;
				CLANG_WARN_EMPTY_BODY = YES;
				CLANG_WARN_ENUM_CONVERSION = YES;
				CLANG_WARN_INFINITE_RECURSION = YES;
				CLANG_WARN_INT_CONVERSION = YES;
				CLANG_WARN_OBJC_ROOT_CLASS = YES_ERROR;
				CLANG_WARN_SUSPICIOUS_MOVE = YES;
				CLANG_WARN_UNREACHABLE_CODE = YES;
				CLANG_WARN__DUPLICATE_METHOD_MATCH = YES;
				"CODE_SIGN_IDENTITY[sdk=iphoneos*]" = "iPhone Developer";
				COPY_PHASE_STRIP = NO;
				DEBUG_INFORMATION_FORMAT = "dwarf-with-dsym";
				ENABLE_NS_ASSERTIONS = NO;
				ENABLE_STRICT_OBJC_MSGSEND = YES;
				GCC_C_LANGUAGE_STANDARD = gnu99;
				GCC_NO_COMMON_BLOCKS = YES;
				GCC_WARN_64_TO_32_BIT_CONVERSION = YES;
				GCC_WARN_ABOUT_RETURN_TYPE = YES_ERROR;
				GCC_WARN_UNDECLARED_SELECTOR = YES;
				GCC_WARN_UNINITIALIZED_AUTOS = YES_AGGRESSIVE;
				GCC_WARN_UNUSED_FUNCTION = YES;
				GCC_WARN_UNUSED_VARIABLE = YES;
				IPHONEOS_DEPLOYMENT_TARGET = 10.3;
				MTL_ENABLE_DEBUG_INFO = NO;
				SDKROOT = iphoneos;
				SWIFT_OPTIMIZATION_LEVEL = "-Owholemodule";
				VALIDATE_PRODUCT = YES;
			};
			name = Release;
		};
		F710364A1F0449FB00E40D41 /* Debug */ = {
			isa = XCBuildConfiguration;
			buildSettings = {
				ASSETCATALOG_COMPILER_APPICON_NAME = AppIcon;
				INFOPLIST_FILE = instaGlam/Info.plist;
				LD_RUNPATH_SEARCH_PATHS = "$(inherited) @executable_path/Frameworks";
				PRODUCT_BUNDLE_IDENTIFIER = com.FBU.Tyler.instaGlam;
				PRODUCT_NAME = "$(TARGET_NAME)";
				SWIFT_VERSION = 3.0;
			};
			name = Debug;
		};
		F710364B1F0449FB00E40D41 /* Release */ = {
			isa = XCBuildConfiguration;
			buildSettings = {
				ASSETCATALOG_COMPILER_APPICON_NAME = AppIcon;
				INFOPLIST_FILE = instaGlam/Info.plist;
				LD_RUNPATH_SEARCH_PATHS = "$(inherited) @executable_path/Frameworks";
				PRODUCT_BUNDLE_IDENTIFIER = com.FBU.Tyler.instaGlam;
				PRODUCT_NAME = "$(TARGET_NAME)";
				SWIFT_VERSION = 3.0;
			};
			name = Release;
		};
		F710364D1F0449FB00E40D41 /* Debug */ = {
			isa = XCBuildConfiguration;
			buildSettings = {
				ALWAYS_EMBED_SWIFT_STANDARD_LIBRARIES = YES;
				BUNDLE_LOADER = "$(TEST_HOST)";
				INFOPLIST_FILE = instaGlamTests/Info.plist;
				LD_RUNPATH_SEARCH_PATHS = "$(inherited) @executable_path/Frameworks @loader_path/Frameworks";
				PRODUCT_BUNDLE_IDENTIFIER = com.FBU.Tyler.instaGlamTests;
				PRODUCT_NAME = "$(TARGET_NAME)";
				SWIFT_VERSION = 3.0;
				TEST_HOST = "$(BUILT_PRODUCTS_DIR)/instaGlam.app/instaGlam";
			};
			name = Debug;
		};
		F710364E1F0449FB00E40D41 /* Release */ = {
			isa = XCBuildConfiguration;
			buildSettings = {
				ALWAYS_EMBED_SWIFT_STANDARD_LIBRARIES = YES;
				BUNDLE_LOADER = "$(TEST_HOST)";
				INFOPLIST_FILE = instaGlamTests/Info.plist;
				LD_RUNPATH_SEARCH_PATHS = "$(inherited) @executable_path/Frameworks @loader_path/Frameworks";
				PRODUCT_BUNDLE_IDENTIFIER = com.FBU.Tyler.instaGlamTests;
				PRODUCT_NAME = "$(TARGET_NAME)";
				SWIFT_VERSION = 3.0;
				TEST_HOST = "$(BUILT_PRODUCTS_DIR)/instaGlam.app/instaGlam";
			};
			name = Release;
		};
/* End XCBuildConfiguration section */

/* Begin XCConfigurationList section */
		F71036271F0449FB00E40D41 /* Build configuration list for PBXProject "instaGlam" */ = {
			isa = XCConfigurationList;
			buildConfigurations = (
				F71036471F0449FB00E40D41 /* Debug */,
				F71036481F0449FB00E40D41 /* Release */,
			);
			defaultConfigurationIsVisible = 0;
			defaultConfigurationName = Release;
		};
		F71036491F0449FB00E40D41 /* Build configuration list for PBXNativeTarget "instaGlam" */ = {
			isa = XCConfigurationList;
			buildConfigurations = (
				F710364A1F0449FB00E40D41 /* Debug */,
				F710364B1F0449FB00E40D41 /* Release */,
			);
			defaultConfigurationIsVisible = 0;
		};
		F710364C1F0449FB00E40D41 /* Build configuration list for PBXNativeTarget "instaGlamTests" */ = {
			isa = XCConfigurationList;
			buildConfigurations = (
				F710364D1F0449FB00E40D41 /* Debug */,
				F710364E1F0449FB00E40D41 /* Release */,
			);
			defaultConfigurationIsVisible = 0;
		};
/* End XCConfigurationList section */
	};
	rootObject = F71036241F0449FB00E40D41 /* Project object */;
}
